
Microsoft Visual Studio Solution File, Format Version 12.00
# Visual Studio Version 16
VisualStudioVersion = 16.0.30223.230
MinimumVisualStudioVersion = 10.0.40219.1
Project("{9A19103F-16F7-4668-BE54-9A1E7A4F7556}") = "DpdtInject.Generator", "DpdtInject.Generator\DpdtInject.Generator.csproj", "{81865BCA-30C1-4DF2-A5B5-6625F75345DE}"
EndProject
Project("{9A19103F-16F7-4668-BE54-9A1E7A4F7556}") = "DpdtInject.TestConsole", "DpdtInject.TestConsole\DpdtInject.TestConsole.csproj", "{AAD9876E-1307-4C39-A30A-ED23519E764A}"
EndProject
Project("{9A19103F-16F7-4668-BE54-9A1E7A4F7556}") = "DpdtInject.Tests.Performance", "DpdtInject.Tests.Performance\DpdtInject.Tests.Performance.csproj", "{2E7D06F1-EC4B-4D3C-919E-3306BF23FAF3}"
EndProject
Project("{9A19103F-16F7-4668-BE54-9A1E7A4F7556}") = "DpdtInject.Binding.Example", "DpdtInject.Binding.Example\DpdtInject.Binding.Example.csproj", "{620C0834-0021-4396-A81F-4AD6436BE365}"
EndProject
Project("{9A19103F-16F7-4668-BE54-9A1E7A4F7556}") = "DpdtInject.Injector", "DpdtInject.Injector\DpdtInject.Injector.csproj", "{BCC579C4-9487-4683-9E00-86A18B923FFA}"
EndProject
Project("{9A19103F-16F7-4668-BE54-9A1E7A4F7556}") = "DpdtInject.Tests", "DpdtInject.Tests\DpdtInject.Tests.csproj", "{BE662580-D65E-4202-9010-56801C1B76EE}"
EndProject
Global
	GlobalSection(SolutionConfigurationPlatforms) = preSolution
		Debug|Any CPU = Debug|Any CPU
		Release|Any CPU = Release|Any CPU
	EndGlobalSection
	GlobalSection(ProjectConfigurationPlatforms) = postSolution
		{81865BCA-30C1-4DF2-A5B5-6625F75345DE}.Debug|Any CPU.ActiveCfg = Debug|Any CPU
		{81865BCA-30C1-4DF2-A5B5-6625F75345DE}.Debug|Any CPU.Build.0 = Debug|Any CPU
		{81865BCA-30C1-4DF2-A5B5-6625F75345DE}.Release|Any CPU.ActiveCfg = Release|Any CPU
		{81865BCA-30C1-4DF2-A5B5-6625F75345DE}.Release|Any CPU.Build.0 = Release|Any CPU
		{AAD9876E-1307-4C39-A30A-ED23519E764A}.Debug|Any CPU.ActiveCfg = Debug|Any CPU
		{AAD9876E-1307-4C39-A30A-ED23519E764A}.Debug|Any CPU.Build.0 = Debug|Any CPU
		{AAD9876E-1307-4C39-A30A-ED23519E764A}.Release|Any CPU.ActiveCfg = Release|Any CPU
		{AAD9876E-1307-4C39-A30A-ED23519E764A}.Release|Any CPU.Build.0 = Release|Any CPU
		{2E7D06F1-EC4B-4D3C-919E-3306BF23FAF3}.Debug|Any CPU.ActiveCfg = Debug|Any CPU
		{2E7D06F1-EC4B-4D3C-919E-3306BF23FAF3}.Debug|Any CPU.Build.0 = Debug|Any CPU
		{2E7D06F1-EC4B-4D3C-919E-3306BF23FAF3}.Release|Any CPU.ActiveCfg = Release|Any CPU
		{2E7D06F1-EC4B-4D3C-919E-3306BF23FAF3}.Release|Any CPU.Build.0 = Release|Any CPU
		{620C0834-0021-4396-A81F-4AD6436BE365}.Debug|Any CPU.ActiveCfg = Debug|Any CPU
		{620C0834-0021-4396-A81F-4AD6436BE365}.Debug|Any CPU.Build.0 = Debug|Any CPU
		{620C0834-0021-4396-A81F-4AD6436BE365}.Release|Any CPU.ActiveCfg = Release|Any CPU
		{620C0834-0021-4396-A81F-4AD6436BE365}.Release|Any CPU.Build.0 = Release|Any CPU
		{BCC579C4-9487-4683-9E00-86A18B923FFA}.Debug|Any CPU.ActiveCfg = Debug|Any CPU
		{BCC579C4-9487-4683-9E00-86A18B923FFA}.Debug|Any CPU.Build.0 = Debug|Any CPU
		{BCC579C4-9487-4683-9E00-86A18B923FFA}.Release|Any CPU.ActiveCfg = Release|Any CPU
		{BCC579C4-9487-4683-9E00-86A18B923FFA}.Release|Any CPU.Build.0 = Release|Any CPU
		{BE662580-D65E-4202-9010-56801C1B76EE}.Debug|Any CPU.ActiveCfg = Debug|Any CPU
		{BE662580-D65E-4202-9010-56801C1B76EE}.Debug|Any CPU.Build.0 = Debug|Any CPU
		{BE662580-D65E-4202-9010-56801C1B76EE}.Release|Any CPU.ActiveCfg = Release|Any CPU
		{BE662580-D65E-4202-9010-56801C1B76EE}.Release|Any CPU.Build.0 = Release|Any CPU
	EndGlobalSection
	GlobalSection(SolutionProperties) = preSolution
		HideSolutionNode = FALSE
	EndGlobalSection
	GlobalSection(ExtensibilityGlobals) = postSolution
		SolutionGuid = {25E80082-F341-4E2C-B816-298F083E9ABD}
	EndGlobalSection
EndGlobal
